github.com/levinholsety/common-go v0.0.0-20200522051229-75a395a6485f h1:i+WlAFP1yBu780tuGsl3HqOgK/hf4pU9uV0vfszNb7s=
github.com/levinholsety/common-go v0.0.0-20200522051229-75a395a6485f/go.mod h1:8g+nVas41Hg3evaqjneZuF4mJhQ79wylYnS3eBcmOhY=
github.com/levinholsety/common-go v0.0.0-20200528053745-3d9b23ae8a95 h1:xEcqEVgjh4IrSIBxE8oRXVMC41nbbOyBTbYYFR1fvpI=
github.com/levinholsety/common-go v0.0.0-20200528053745-3d9b23ae8a95/go.mod h1:8g+nVas41Hg3evaqjneZuF4mJhQ79wylYnS3eBcmOhY=
